// !$*UTF8*$!
{
	archiveVersion = 1;
	classes = {
	};
	objectVersion = 55;
	objects = {

/* Begin PBXBuildFile section */
		D905CA40281AB57E00F79161 /* AppDelegate.swift in Sources */ = {isa = PBXBuildFile; fileRef = D905CA3F281AB57E00F79161 /* AppDelegate.swift */; };
		D905CA42281AB57E00F79161 /* SceneDelegate.swift in Sources */ = {isa = PBXBuildFile; fileRef = D905CA41281AB57E00F79161 /* SceneDelegate.swift */; };
		D905CA44281AB57E00F79161 /* ViewController.swift in Sources */ = {isa = PBXBuildFile; fileRef = D905CA43281AB57E00F79161 /* ViewController.swift */; };
		D905CA47281AB57E00F79161 /* Main.storyboard in Resources */ = {isa = PBXBuildFile; fileRef = D905CA45281AB57E00F79161 /* Main.storyboard */; };
		D905CA49281AB58000F79161 /* Assets.xcassets in Resources */ = {isa = PBXBuildFile; fileRef = D905CA48281AB58000F79161 /* Assets.xcassets */; };
		D905CA4C281AB58000F79161 /* LaunchScreen.storyboard in Resources */ = {isa = PBXBuildFile; fileRef = D905CA4A281AB58000F79161 /* LaunchScreen.storyboard */; };
		D9577DCB282E5977003E8212 /* LearnWordsAppUITests.swift in Sources */ = {isa = PBXBuildFile; fileRef = D9577DCA282E5977003E8212 /* LearnWordsAppUITests.swift */; };
		D9577DCD282E5977003E8212 /* LearnWordsAppUITestsLaunchTests.swift in Sources */ = {isa = PBXBuildFile; fileRef = D9577DCC282E5977003E8212 /* LearnWordsAppUITestsLaunchTests.swift */; };
		D9577DD4282EA28F003E8212 /* Language.swift in Sources */ = {isa = PBXBuildFile; fileRef = D9577DD3282EA28E003E8212 /* Language.swift */; };
/* End PBXBuildFile section */

/* Begin PBXContainerItemProxy section */
		D9577DCE282E5977003E8212 /* PBXContainerItemProxy */ = {
			isa = PBXContainerItemProxy;
			containerPortal = D905CA34281AB57E00F79161 /* Project object */;
			proxyType = 1;
			remoteGlobalIDString = D905CA3B281AB57E00F79161;
			remoteInfo = LearnWordsApp;
		};
/* End PBXContainerItemProxy section */

/* Begin PBXFileReference section */
		D905CA3C281AB57E00F79161 /* LearnWordsApp.app */ = {isa = PBXFileReference; explicitFileType = wrapper.application; includeInIndex = 0; path = LearnWordsApp.app; sourceTree = BUILT_PRODUCTS_DIR; };
		D905CA3F281AB57E00F79161 /* AppDelegate.swift */ = {isa = PBXFileReference; lastKnownFileType = sourcecode.swift; path = AppDelegate.swift; sourceTree = "<group>"; };
		D905CA41281AB57E00F79161 /* SceneDelegate.swift */ = {isa = PBXFileReference; lastKnownFileType = sourcecode.swift; path = SceneDelegate.swift; sourceTree = "<group>"; };
		D905CA43281AB57E00F79161 /* ViewController.swift */ = {isa = PBXFileReference; lastKnownFileType = sourcecode.swift; path = ViewController.swift; sourceTree = "<group>"; };
		D905CA46281AB57E00F79161 /* Base */ = {isa = PBXFileReference; lastKnownFileType = file.storyboard; name = Base; path = Base.lproj/Main.storyboard; sourceTree = "<group>"; };
		D905CA48281AB58000F79161 /* Assets.xcassets */ = {isa = PBXFileReference; lastKnownFileType = folder.assetcatalog; path = Assets.xcassets; sourceTree = "<group>"; };
		D905CA4B281AB58000F79161 /* Base */ = {isa = PBXFileReference; lastKnownFileType = file.storyboard; name = Base; path = Base.lproj/LaunchScreen.storyboard; sourceTree = "<group>"; };
		D905CA4D281AB58000F79161 /* Info.plist */ = {isa = PBXFileReference; lastKnownFileType = text.plist.xml; path = Info.plist; sourceTree = "<group>"; };
		D9577DC8282E5977003E8212 /* LearnWordsAppUITests.xctest */ = {isa = PBXFileReference; explicitFileType = wrapper.cfbundle; includeInIndex = 0; path = LearnWordsAppUITests.xctest; sourceTree = BUILT_PRODUCTS_DIR; };
		D9577DCA282E5977003E8212 /* LearnWordsAppUITests.swift */ = {isa = PBXFileReference; lastKnownFileType = sourcecode.swift; path = LearnWordsAppUITests.swift; sourceTree = "<group>"; };
		D9577DCC282E5977003E8212 /* LearnWordsAppUITestsLaunchTests.swift */ = {isa = PBXFileReference; lastKnownFileType = sourcecode.swift; path = LearnWordsAppUITestsLaunchTests.swift; sourceTree = "<group>"; };
		D9577DD3282EA28E003E8212 /* Language.swift */ = {isa = PBXFileReference; lastKnownFileType = sourcecode.swift; path = Language.swift; sourceTree = "<group>"; };
/* End PBXFileReference section */

/* Begin PBXFrameworksBuildPhase section */
		D905CA39281AB57E00F79161 /* Frameworks */ = {
			isa = PBXFrameworksBuildPhase;
			buildActionMask = 2147483647;
			files = (
			);
			runOnlyForDeploymentPostprocessing = 0;
		};
		D9577DC5282E5977003E8212 /* Frameworks */ = {
			isa = PBXFrameworksBuildPhase;
			buildActionMask = 2147483647;
			files = (
			);
			runOnlyForDeploymentPostprocessing = 0;
		};
/* End PBXFrameworksBuildPhase section */

/* Begin PBXGroup section */
		D905CA33281AB57E00F79161 = {
			isa = PBXGroup;
			children = (
				D905CA3E281AB57E00F79161 /* LearnWordsApp */,
				D9577DC9282E5977003E8212 /* LearnWordsAppUITests */,
				D905CA3D281AB57E00F79161 /* Products */,
			);
			sourceTree = "<group>";
		};
		D905CA3D281AB57E00F79161 /* Products */ = {
			isa = PBXGroup;
			children = (
				D905CA3C281AB57E00F79161 /* LearnWordsApp.app */,
				D9577DC8282E5977003E8212 /* LearnWordsAppUITests.xctest */,
			);
			name = Products;
			sourceTree = "<group>";
		};
		D905CA3E281AB57E00F79161 /* LearnWordsApp */ = {
			isa = PBXGroup;
			children = (
				D905CA3F281AB57E00F79161 /* AppDelegate.swift */,
				D905CA41281AB57E00F79161 /* SceneDelegate.swift */,
				D905CA43281AB57E00F79161 /* ViewController.swift */,
				D905CA45281AB57E00F79161 /* Main.storyboard */,
				D905CA48281AB58000F79161 /* Assets.xcassets */,
				D905CA4A281AB58000F79161 /* LaunchScreen.storyboard */,
				D905CA4D281AB58000F79161 /* Info.plist */,
				D9577DD3282EA28E003E8212 /* Language.swift */,
			);
			path = LearnWordsApp;
			sourceTree = "<group>";
		};
		D9577DC9282E5977003E8212 /* LearnWordsAppUITests */ = {
			isa = PBXGroup;
			children = (
				D9577DCA282E5977003E8212 /* LearnWordsAppUITests.swift */,
				D9577DCC282E5977003E8212 /* LearnWordsAppUITestsLaunchTests.swift */,
			);
			path = LearnWordsAppUITests;
			sourceTree = "<group>";
		};
/* End PBXGroup section */

/* Begin PBXNativeTarget section */
		D905CA3B281AB57E00F79161 /* LearnWordsApp */ = {
			isa = PBXNativeTarget;
			buildConfigurationList = D905CA50281AB58000F79161 /* Build configuration list for PBXNativeTarget "LearnWordsApp" */;
			buildPhases = (
				D905CA38281AB57E00F79161 /* Sources */,
				D905CA39281AB57E00F79161 /* Frameworks */,
				D905CA3A281AB57E00F79161 /* Resources */,
			);
			buildRules = (
			);
			dependencies = (
			);
			name = LearnWordsApp;
			productName = LearnWordsApp;
			productReference = D905CA3C281AB57E00F79161 /* LearnWordsApp.app */;
			productType = "com.apple.product-type.application";
		};
		D9577DC7282E5977003E8212 /* LearnWordsAppUITests */ = {
			isa = PBXNativeTarget;
			buildConfigurationList = D9577DD2282E5977003E8212 /* Build configuration list for PBXNativeTarget "LearnWordsAppUITests" */;
			buildPhases = (
				D9577DC4282E5977003E8212 /* Sources */,
				D9577DC5282E5977003E8212 /* Frameworks */,
				D9577DC6282E5977003E8212 /* Resources */,
			);
			buildRules = (
			);
			dependencies = (
				D9577DCF282E5977003E8212 /* PBXTargetDependency */,
			);
			name = LearnWordsAppUITests;
			productName = LearnWordsAppUITests;
			productReference = D9577DC8282E5977003E8212 /* LearnWordsAppUITests.xctest */;
			productType = "com.apple.product-type.bundle.ui-testing";
		};
/* End PBXNativeTarget section */

/* Begin PBXProject section */
		D905CA34281AB57E00F79161 /* Project object */ = {
			isa = PBXProject;
			attributes = {
				BuildIndependentTargetsInParallel = 1;
				LastSwiftUpdateCheck = 1300;
				LastUpgradeCheck = 1300;
				TargetAttributes = {
					D905CA3B281AB57E00F79161 = {
						CreatedOnToolsVersion = 13.0;
					};
					D9577DC7282E5977003E8212 = {
						CreatedOnToolsVersion = 13.0;
						TestTargetID = D905CA3B281AB57E00F79161;
					};
				};
			};
			buildConfigurationList = D905CA37281AB57E00F79161 /* Build configuration list for PBXProject "LearnWordsApp" */;
			compatibilityVersion = "Xcode 13.0";
			developmentRegion = en;
			hasScannedForEncodings = 0;
			knownRegions = (
				en,
				Base,
			);
			mainGroup = D905CA33281AB57E00F79161;
			productRefGroup = D905CA3D281AB57E00F79161 /* Products */;
			projectDirPath = "";
			projectRoot = "";
			targets = (
				D905CA3B281AB57E00F79161 /* LearnWordsApp */,
				D9577DC7282E5977003E8212 /* LearnWordsAppUITests */,
			);
		};
/* End PBXProject section */

/* Begin PBXResourcesBuildPhase section */
		D905CA3A281AB57E00F79161 /* Resources */ = {
			isa = PBXResourcesBuildPhase;
			buildActionMask = 2147483647;
			files = (
				D905CA4C281AB58000F79161 /* LaunchScreen.storyboard in Resources */,
				D905CA49281AB58000F79161 /* Assets.xcassets in Resources */,
				D905CA47281AB57E00F79161 /* Main.storyboard in Resources */,
			);
			runOnlyForDeploymentPostprocessing = 0;
		};
		D9577DC6282E5977003E8212 /* Resources */ = {
			isa = PBXResourcesBuildPhase;
			buildActionMask = 2147483647;
			files = (
			);
			runOnlyForDeploymentPostprocessing = 0;
		};
/* End PBXResourcesBuildPhase section */

/* Begin PBXSourcesBuildPhase section */
		D905CA38281AB57E00F79161 /* Sources */ = {
			isa = PBXSourcesBuildPhase;
			buildActionMask = 2147483647;
			files = (
				D905CA44281AB57E00F79161 /* ViewController.swift in Sources */,
				D9577DD4282EA28F003E8212 /* Language.swift in Sources */,
				D905CA40281AB57E00F79161 /* AppDelegate.swift in Sources */,
				D905CA42281AB57E00F79161 /* SceneDelegate.swift in Sources */,
			);
			runOnlyForDeploymentPostprocessing = 0;
		};
		D9577DC4282E5977003E8212 /* Sources */ = {
			isa = PBXSourcesBuildPhase;
			buildActionMask = 2147483647;
			files = (
				D9577DCB282E5977003E8212 /* LearnWordsAppUITests.swift in Sources */,
				D9577DCD282E5977003E8212 /* LearnWordsAppUITestsLaunchTests.swift in Sources */,
			);
			runOnlyForDeploymentPostprocessing = 0;
		};
/* End PBXSourcesBuildPhase section */

/* Begin PBXTargetDependency section */
		D9577DCF282E5977003E8212 /* PBXTargetDependency */ = {
			isa = PBXTargetDependency;
			target = D905CA3B281AB57E00F79161 /* LearnWordsApp */;
			targetProxy = D9577DCE282E5977003E8212 /* PBXContainerItemProxy */;
		};
/* End PBXTargetDependency section */

/* Begin PBXVariantGroup section */
		D905CA45281AB57E00F79161 /* Main.storyboard */ = {
			isa = PBXVariantGroup;
			children = (
				D905CA46281AB57E00F79161 /* Base */,
			);
			name = Main.storyboard;
			sourceTree = "<group>";
		};
		D905CA4A281AB58000F79161 /* LaunchScreen.storyboard */ = {
			isa = PBXVariantGroup;
			children = (
				D905CA4B281AB58000F79161 /* Base */,
			);
			name = LaunchScreen.storyboard;
			sourceTree = "<group>";
		};
/* End PBXVariantGroup section */

/* Begin XCBuildConfiguration section */
		D905CA4E281AB58000F79161 /* Debug */ = {
			isa = XCBuildConfiguration;
			buildSettings = {
				ALWAYS_SEARCH_USER_PATHS = NO;
				CLANG_ANALYZER_NONNULL = YES;
				CLANG_ANALYZER_NUMBER_OBJECT_CONVERSION = YES_AGGRESSIVE;
				CLANG_CXX_LANGUAGE_STANDARD = "gnu++17";
				CLANG_CXX_LIBRARY = "libc++";
				CLANG_ENABLE_MODULES = YES;
				CLANG_ENABLE_OBJC_ARC = YES;
				CLANG_ENABLE_OBJC_WEAK = YES;
				CLANG_WARN_BLOCK_CAPTURE_AUTORELEASING = YES;
				CLANG_WARN_BOOL_CONVERSION = YES;
				CLANG_WARN_COMMA = YES;
				CLANG_WARN_CONSTANT_CONVERSION = YES;
				CLANG_WARN_DEPRECATED_OBJC_IMPLEMENTATIONS = YES;
				CLANG_WARN_DIRECT_OBJC_ISA_USAGE = YES_ERROR;
				CLANG_WARN_DOCUMENTATION_COMMENTS = YES;
				CLANG_WARN_EMPTY_BODY = YES;
				CLANG_WARN_ENUM_CONVERSION = YES;
				CLANG_WARN_INFINITE_RECURSION = YES;
				CLANG_WARN_INT_CONVERSION = YES;
				CLANG_WARN_NON_LITERAL_NULL_CONVERSION = YES;
				CLANG_WARN_OBJC_IMPLICIT_RETAIN_SELF = YES;
				CLANG_WARN_OBJC_LITERAL_CONVERSION = YES;
				CLANG_WARN_OBJC_ROOT_CLASS = YES_ERROR;
				CLANG_WARN_QUOTED_INCLUDE_IN_FRAMEWORK_HEADER = YES;
				CLANG_WARN_RANGE_LOOP_ANALYSIS = YES;
				CLANG_WARN_STRICT_PROTOTYPES = YES;
				CLANG_WARN_SUSPICIOUS_MOVE = YES;
				CLANG_WARN_UNGUARDED_AVAILABILITY = YES_AGGRESSIVE;
				CLANG_WARN_UNREACHABLE_CODE = YES;
				CLANG_WARN__DUPLICATE_METHOD_MATCH = YES;
				COPY_PHASE_STRIP = NO;
				DEBUG_INFORMATION_FORMAT = dwarf;
				ENABLE_STRICT_OBJC_MSGSEND = YES;
				ENABLE_TESTABILITY = YES;
				GCC_C_LANGUAGE_STANDARD = gnu11;
				GCC_DYNAMIC_NO_PIC = NO;
				GCC_NO_COMMON_BLOCKS = YES;
				GCC_OPTIMIZATION_LEVEL = 0;
				GCC_PREPROCESSOR_DEFINITIONS = (
					"DEBUG=1",
					"$(inherited)",
				);
				GCC_WARN_64_TO_32_BIT_CONVERSION = YES;
				GCC_WARN_ABOUT_RETURN_TYPE = YES_ERROR;
				GCC_WARN_UNDECLARED_SELECTOR = YES;
				GCC_WARN_UNINITIALIZED_AUTOS = YES_AGGRESSIVE;
				GCC_WARN_UNUSED_FUNCTION = YES;
				GCC_WARN_UNUSED_VARIABLE = YES;
				IPHONEOS_DEPLOYMENT_TARGET = 15.0;
				MTL_ENABLE_DEBUG_INFO = INCLUDE_SOURCE;
				MTL_FAST_MATH = YES;
				ONLY_ACTIVE_ARCH = YES;
				SDKROOT = iphoneos;
				SWIFT_ACTIVE_COMPILATION_CONDITIONS = DEBUG;
				SWIFT_OPTIMIZATION_LEVEL = "-Onone";
			};
			name = Debug;
		};
		D905CA4F281AB58000F79161 /* Release */ = {
			isa = XCBuildConfiguration;
			buildSettings = {
				ALWAYS_SEARCH_USER_PATHS = NO;
				CLANG_ANALYZER_NONNULL = YES;
				CLANG_ANALYZER_NUMBER_OBJECT_CONVERSION = YES_AGGRESSIVE;
				CLANG_CXX_LANGUAGE_STANDARD = "gnu++17";
				CLANG_CXX_LIBRARY = "libc++";
				CLANG_ENABLE_MODULES = YES;
				CLANG_ENABLE_OBJC_ARC = YES;
				CLANG_ENABLE_OBJC_WEAK = YES;
				CLANG_WARN_BLOCK_CAPTURE_AUTORELEASING = YES;
				CLANG_WARN_BOOL_CONVERSION = YES;
				CLANG_WARN_COMMA = YES;
				CLANG_WARN_CONSTANT_CONVERSION = YES;
				CLANG_WARN_DEPRECATED_OBJC_IMPLEMENTATIONS = YES;
				CLANG_WARN_DIRECT_OBJC_ISA_USAGE = YES_ERROR;
				CLANG_WARN_DOCUMENTATION_COMMENTS = YES;
				CLANG_WARN_EMPTY_BODY = YES;
				CLANG_WARN_ENUM_CONVERSION = YES;
				CLANG_WARN_INFINITE_RECURSION = YES;
				CLANG_WARN_INT_CONVERSION = YES;
				CLANG_WARN_NON_LITERAL_NULL_CONVERSION = YES;
				CLANG_WARN_OBJC_IMPLICIT_RETAIN_SELF = YES;
				CLANG_WARN_OBJC_LITERAL_CONVERSION = YES;
				CLANG_WARN_OBJC_ROOT_CLASS = YES_ERROR;
				CLANG_WARN_QUOTED_INCLUDE_IN_FRAMEWORK_HEADER = YES;
				CLANG_WARN_RANGE_LOOP_ANALYSIS = YES;
				CLANG_WARN_STRICT_PROTOTYPES = YES;
				CLANG_WARN_SUSPICIOUS_MOVE = YES;
				CLANG_WARN_UNGUARDED_AVAILABILITY = YES_AGGRESSIVE;
				CLANG_WARN_UNREACHABLE_CODE = YES;
				CLANG_WARN__DUPLICATE_METHOD_MATCH = YES;
				COPY_PHASE_STRIP = NO;
				DEBUG_INFORMATION_FORMAT = "dwarf-with-dsym";
				ENABLE_NS_ASSERTIONS = NO;
				ENABLE_STRICT_OBJC_MSGSEND = YES;
				GCC_C_LANGUAGE_STANDARD = gnu11;
				GCC_NO_COMMON_BLOCKS = YES;
				GCC_WARN_64_TO_32_BIT_CONVERSION = YES;
				GCC_WARN_ABOUT_RETURN_TYPE = YES_ERROR;
				GCC_WARN_UNDECLARED_SELECTOR = YES;
				GCC_WARN_UNINITIALIZED_AUTOS = YES_AGGRESSIVE;
				GCC_WARN_UNUSED_FUNCTION = YES;
				GCC_WARN_UNUSED_VARIABLE = YES;
				IPHONEOS_DEPLOYMENT_TARGET = 15.0;
				MTL_ENABLE_DEBUG_INFO = NO;
				MTL_FAST_MATH = YES;
				SDKROOT = iphoneos;
				SWIFT_COMPILATION_MODE = wholemodule;
				SWIFT_OPTIMIZATION_LEVEL = "-O";
				VALIDATE_PRODUCT = YES;
			};
			name = Release;
		};
		D905CA51281AB58000F79161 /* Debug */ = {
			isa = XCBuildConfiguration;
			buildSettings = {
				ASSETCATALOG_COMPILER_APPICON_NAME = AppIcon;
				ASSETCATALOG_COMPILER_GLOBAL_ACCENT_COLOR_NAME = AccentColor;
				CODE_SIGN_STYLE = Automatic;
				CURRENT_PROJECT_VERSION = 1;
				GENERATE_INFOPLIST_FILE = YES;
				INFOPLIST_FILE = LearnWordsApp/Info.plist;
				INFOPLIST_KEY_UIApplicationSupportsIndirectInputEvents = YES;
				INFOPLIST_KEY_UILaunchStoryboardName = LaunchScreen;
				INFOPLIST_KEY_UIMainStoryboardFile = Main;
				INFOPLIST_KEY_UISupportedInterfaceOrientations_iPad = "UIInterfaceOrientationPortrait UIInterfaceOrientationPortraitUpsideDown UIInterfaceOrientationLandscapeLeft UIInterfaceOrientationLandscapeRight";
				INFOPLIST_KEY_UISupportedInterfaceOrientations_iPhone = "UIInterfaceOrientationPortrait UIInterfaceOrientationLandscapeLeft UIInterfaceOrientationLandscapeRight";
				LD_RUNPATH_SEARCH_PATHS = (
					"$(inherited)",
					"@executable_path/Frameworks",
				);
				MARKETING_VERSION = 1.0;
				PRODUCT_BUNDLE_IDENTIFIER = my.LearnWordsApp;
				PRODUCT_NAME = "$(TARGET_NAME)";
				SWIFT_EMIT_LOC_STRINGS = YES;
				SWIFT_VERSION = 5.0;
				TARGETED_DEVICE_FAMILY = "1,2";
			};
			name = Debug;
		};
		D905CA52281AB58000F79161 /* Release */ = {
			isa = XCBuildConfiguration;
			buildSettings = {
				ASSETCATALOG_COMPILER_APPICON_NAME = AppIcon;
				ASSETCATALOG_COMPILER_GLOBAL_ACCENT_COLOR_NAME = AccentColor;
				CODE_SIGN_STYLE = Automatic;
				CURRENT_PROJECT_VERSION = 1;
				GENERATE_INFOPLIST_FILE = YES;
				INFOPLIST_FILE = LearnWordsApp/Info.plist;
				INFOPLIST_KEY_UIApplicationSupportsIndirectInputEvents = YES;
				INFOPLIST_KEY_UILaunchStoryboardName = LaunchScreen;
				INFOPLIST_KEY_UIMainStoryboardFile = Main;
				INFOPLIST_KEY_UISupportedInterfaceOrientations_iPad = "UIInterfaceOrientationPortrait UIInterfaceOrientationPortraitUpsideDown UIInterfaceOrientationLandscapeLeft UIInterfaceOrientationLandscapeRight";
				INFOPLIST_KEY_UISupportedInterfaceOrientations_iPhone = "UIInterfaceOrientationPortrait UIInterfaceOrientationLandscapeLeft UIInterfaceOrientationLandscapeRight";
				LD_RUNPATH_SEARCH_PATHS = (
					"$(inherited)",
					"@executable_path/Frameworks",
				);
				MARKETING_VERSION = 1.0;
				PRODUCT_BUNDLE_IDENTIFIER = my.LearnWordsApp;
				PRODUCT_NAME = "$(TARGET_NAME)";
				SWIFT_EMIT_LOC_STRINGS = YES;
				SWIFT_VERSION = 5.0;
				TARGETED_DEVICE_FAMILY = "1,2";
			};
			name = Release;
		};
		D9577DD0282E5977003E8212 /* Debug */ = {
			isa = XCBuildConfiguration;
			buildSettings = {
				CODE_SIGN_STYLE = Automatic;
				CURRENT_PROJECT_VERSION = 1;
				GENERATE_INFOPLIST_FILE = YES;
				LD_RUNPATH_SEARCH_PATHS = (
					"$(inherited)",
					"@executable_path/Frameworks",
					"@loader_path/Frameworks",
				);
				MARKETING_VERSION = 1.0;
				PRODUCT_BUNDLE_IDENTIFIER = my.LearnWordsAppUITests;
				PRODUCT_NAME = "$(TARGET_NAME)";
				SWIFT_EMIT_LOC_STRINGS = NO;
				SWIFT_VERSION = 5.0;
				TARGETED_DEVICE_FAMILY = "1,2";
				TEST_TARGET_NAME = LearnWordsApp;
			};
			name = Debug;
		};
		D9577DD1282E5977003E8212 /* Release */ = {
			isa = XCBuildConfiguration;
			buildSettings = {
				CODE_SIGN_STYLE = Automatic;
				CURRENT_PROJECT_VERSION = 1;
				GENERATE_INFOPLIST_FILE = YES;
				LD_RUNPATH_SEARCH_PATHS = (
					"$(inherited)",
					"@executable_path/Frameworks",
					"@loader_path/Frameworks",
				);
				MARKETING_VERSION = 1.0;
				PRODUCT_BUNDLE_IDENTIFIER = my.LearnWordsAppUITests;
				PRODUCT_NAME = "$(TARGET_NAME)";
				SWIFT_EMIT_LOC_STRINGS = NO;
				SWIFT_VERSION = 5.0;
				TARGETED_DEVICE_FAMILY = "1,2";
				TEST_TARGET_NAME = LearnWordsApp;
			};
			name = Release;
		};
/* End XCBuildConfiguration section */

/* Begin XCConfigurationList section */
		D905CA37281AB57E00F79161 /* Build configuration list for PBXProject "LearnWordsApp" */ = {
			isa = XCConfigurationList;
			buildConfigurations = (
				D905CA4E281AB58000F79161 /* Debug */,
				D905CA4F281AB58000F79161 /* Release */,
			);
			defaultConfigurationIsVisible = 0;
			defaultConfigurationName = Release;
		};
		D905CA50281AB58000F79161 /* Build configuration list for PBXNativeTarget "LearnWordsApp" */ = {
			isa = XCConfigurationList;
			buildConfigurations = (
				D905CA51281AB58000F79161 /* Debug */,
				D905CA52281AB58000F79161 /* Release */,
			);
			defaultConfigurationIsVisible = 0;
			defaultConfigurationName = Release;
		};
		D9577DD2282E5977003E8212 /* Build configuration list for PBXNativeTarget "LearnWordsAppUITests" */ = {
			isa = XCConfigurationList;
			buildConfigurations = (
				D9577DD0282E5977003E8212 /* Debug */,
				D9577DD1282E5977003E8212 /* Release */,
			);
			defaultConfigurationIsVisible = 0;
			defaultConfigurationName = Release;
		};
/* End XCConfigurationList section */
	};
	rootObject = D905CA34281AB57E00F79161 /* Project object */;
}
